# THIS IS AN AUTOGENERATED FILE. DO NOT EDIT THIS FILE DIRECTLY.
# yarn lockfile v1


undici@5.8.2:
  version "5.8.2"
  resolved "https://registry.yarnpkg.com/undici/-/undici-5.8.2.tgz#071fc8a6a5d24db0ad510ad442f607d9b09d5eec"
  integrity sha512-3KLq3pXMS0Y4IELV045fTxqz04Nk9Ms7yfBBHum3yxsTR4XNn+ZCaUbf/mWitgYDAhsplQ0B1G4S5D345lMO3A==
